// !$*UTF8*$!
{
	archiveVersion = 1;
	classes = {
	};
	objectVersion = 50;
	objects = {

/* Begin PBXBuildFile section */
		98FFC8E52628DCBC00B87463 /* AppDelegate.swift in Sources */ = {isa = PBXBuildFile; fileRef = 98FFC8E42628DCBC00B87463 /* AppDelegate.swift */; };
		98FFC8E72628DCBC00B87463 /* SceneDelegate.swift in Sources */ = {isa = PBXBuildFile; fileRef = 98FFC8E62628DCBC00B87463 /* SceneDelegate.swift */; };
		98FFC8E92628DCBC00B87463 /* ViewController.swift in Sources */ = {isa = PBXBuildFile; fileRef = 98FFC8E82628DCBC00B87463 /* ViewController.swift */; };
		98FFC8EC2628DCBC00B87463 /* Main.storyboard in Resources */ = {isa = PBXBuildFile; fileRef = 98FFC8EA2628DCBC00B87463 /* Main.storyboard */; };
		98FFC8EE2628DCBD00B87463 /* Assets.xcassets in Resources */ = {isa = PBXBuildFile; fileRef = 98FFC8ED2628DCBD00B87463 /* Assets.xcassets */; };
		98FFC8F12628DCBD00B87463 /* LaunchScreen.storyboard in Resources */ = {isa = PBXBuildFile; fileRef = 98FFC8EF2628DCBD00B87463 /* LaunchScreen.storyboard */; };
		98FFC8FC2628DCBE00B87463 /* RobustaTaskTests.swift in Sources */ = {isa = PBXBuildFile; fileRef = 98FFC8FB2628DCBE00B87463 /* RobustaTaskTests.swift */; };
		98FFC9072628DCBE00B87463 /* RobustaTaskUITests.swift in Sources */ = {isa = PBXBuildFile; fileRef = 98FFC9062628DCBE00B87463 /* RobustaTaskUITests.swift */; };
		98FFC9202628E2B900B87463 /* Owner.swift in Sources */ = {isa = PBXBuildFile; fileRef = 98FFC91F2628E2B900B87463 /* Owner.swift */; };
		98FFC9252628E3FC00B87463 /* Repository.swift in Sources */ = {isa = PBXBuildFile; fileRef = 98FFC9242628E3FC00B87463 /* Repository.swift */; };
		98FFC92B2628E65400B87463 /* RepositoriesGetway.swift in Sources */ = {isa = PBXBuildFile; fileRef = 98FFC92A2628E65400B87463 /* RepositoriesGetway.swift */; };
		98FFC9312628E98400B87463 /* DisplayRepositoriesList.swift in Sources */ = {isa = PBXBuildFile; fileRef = 98FFC9302628E98400B87463 /* DisplayRepositoriesList.swift */; };
/* End PBXBuildFile section */

/* Begin PBXContainerItemProxy section */
		98FFC8F82628DCBE00B87463 /* PBXContainerItemProxy */ = {
			isa = PBXContainerItemProxy;
			containerPortal = 98FFC8D92628DCBC00B87463 /* Project object */;
			proxyType = 1;
			remoteGlobalIDString = 98FFC8E02628DCBC00B87463;
			remoteInfo = RobustaTask;
		};
		98FFC9032628DCBE00B87463 /* PBXContainerItemProxy */ = {
			isa = PBXContainerItemProxy;
			containerPortal = 98FFC8D92628DCBC00B87463 /* Project object */;
			proxyType = 1;
			remoteGlobalIDString = 98FFC8E02628DCBC00B87463;
			remoteInfo = RobustaTask;
		};
/* End PBXContainerItemProxy section */

/* Begin PBXFileReference section */
		98FFC8E12628DCBC00B87463 /* RobustaTask.app */ = {isa = PBXFileReference; explicitFileType = wrapper.application; includeInIndex = 0; path = RobustaTask.app; sourceTree = BUILT_PRODUCTS_DIR; };
		98FFC8E42628DCBC00B87463 /* AppDelegate.swift */ = {isa = PBXFileReference; lastKnownFileType = sourcecode.swift; path = AppDelegate.swift; sourceTree = "<group>"; };
		98FFC8E62628DCBC00B87463 /* SceneDelegate.swift */ = {isa = PBXFileReference; lastKnownFileType = sourcecode.swift; path = SceneDelegate.swift; sourceTree = "<group>"; };
		98FFC8E82628DCBC00B87463 /* ViewController.swift */ = {isa = PBXFileReference; lastKnownFileType = sourcecode.swift; path = ViewController.swift; sourceTree = "<group>"; };
		98FFC8EB2628DCBC00B87463 /* Base */ = {isa = PBXFileReference; lastKnownFileType = file.storyboard; name = Base; path = Base.lproj/Main.storyboard; sourceTree = "<group>"; };
		98FFC8ED2628DCBD00B87463 /* Assets.xcassets */ = {isa = PBXFileReference; lastKnownFileType = folder.assetcatalog; path = Assets.xcassets; sourceTree = "<group>"; };
		98FFC8F02628DCBD00B87463 /* Base */ = {isa = PBXFileReference; lastKnownFileType = file.storyboard; name = Base; path = Base.lproj/LaunchScreen.storyboard; sourceTree = "<group>"; };
		98FFC8F22628DCBD00B87463 /* Info.plist */ = {isa = PBXFileReference; lastKnownFileType = text.plist.xml; path = Info.plist; sourceTree = "<group>"; };
		98FFC8F72628DCBE00B87463 /* RobustaTaskTests.xctest */ = {isa = PBXFileReference; explicitFileType = wrapper.cfbundle; includeInIndex = 0; path = RobustaTaskTests.xctest; sourceTree = BUILT_PRODUCTS_DIR; };
		98FFC8FB2628DCBE00B87463 /* RobustaTaskTests.swift */ = {isa = PBXFileReference; lastKnownFileType = sourcecode.swift; path = RobustaTaskTests.swift; sourceTree = "<group>"; };
		98FFC8FD2628DCBE00B87463 /* Info.plist */ = {isa = PBXFileReference; lastKnownFileType = text.plist.xml; path = Info.plist; sourceTree = "<group>"; };
		98FFC9022628DCBE00B87463 /* RobustaTaskUITests.xctest */ = {isa = PBXFileReference; explicitFileType = wrapper.cfbundle; includeInIndex = 0; path = RobustaTaskUITests.xctest; sourceTree = BUILT_PRODUCTS_DIR; };
		98FFC9062628DCBE00B87463 /* RobustaTaskUITests.swift */ = {isa = PBXFileReference; lastKnownFileType = sourcecode.swift; path = RobustaTaskUITests.swift; sourceTree = "<group>"; };
		98FFC9082628DCBE00B87463 /* Info.plist */ = {isa = PBXFileReference; lastKnownFileType = text.plist.xml; path = Info.plist; sourceTree = "<group>"; };
		98FFC91F2628E2B900B87463 /* Owner.swift */ = {isa = PBXFileReference; lastKnownFileType = sourcecode.swift; path = Owner.swift; sourceTree = "<group>"; };
		98FFC9242628E3FC00B87463 /* Repository.swift */ = {isa = PBXFileReference; lastKnownFileType = sourcecode.swift; path = Repository.swift; sourceTree = "<group>"; };
		98FFC92A2628E65400B87463 /* RepositoriesGetway.swift */ = {isa = PBXFileReference; lastKnownFileType = sourcecode.swift; path = RepositoriesGetway.swift; sourceTree = "<group>"; };
		98FFC9302628E98400B87463 /* DisplayRepositoriesList.swift */ = {isa = PBXFileReference; lastKnownFileType = sourcecode.swift; path = DisplayRepositoriesList.swift; sourceTree = "<group>"; };
/* End PBXFileReference section */

/* Begin PBXFrameworksBuildPhase section */
		98FFC8DE2628DCBC00B87463 /* Frameworks */ = {
			isa = PBXFrameworksBuildPhase;
			buildActionMask = 2147483647;
			files = (
			);
			runOnlyForDeploymentPostprocessing = 0;
		};
		98FFC8F42628DCBE00B87463 /* Frameworks */ = {
			isa = PBXFrameworksBuildPhase;
			buildActionMask = 2147483647;
			files = (
			);
			runOnlyForDeploymentPostprocessing = 0;
		};
		98FFC8FF2628DCBE00B87463 /* Frameworks */ = {
			isa = PBXFrameworksBuildPhase;
			buildActionMask = 2147483647;
			files = (
			);
			runOnlyForDeploymentPostprocessing = 0;
		};
/* End PBXFrameworksBuildPhase section */

/* Begin PBXGroup section */
		98FFC8D82628DCBC00B87463 = {
			isa = PBXGroup;
			children = (
				98FFC91A2628E22500B87463 /* Core */,
				98FFC8E32628DCBC00B87463 /* RobustaTask */,
				98FFC8FA2628DCBE00B87463 /* RobustaTaskTests */,
				98FFC9052628DCBE00B87463 /* RobustaTaskUITests */,
				98FFC8E22628DCBC00B87463 /* Products */,
			);
			sourceTree = "<group>";
		};
		98FFC8E22628DCBC00B87463 /* Products */ = {
			isa = PBXGroup;
			children = (
				98FFC8E12628DCBC00B87463 /* RobustaTask.app */,
				98FFC8F72628DCBE00B87463 /* RobustaTaskTests.xctest */,
				98FFC9022628DCBE00B87463 /* RobustaTaskUITests.xctest */,
			);
			name = Products;
			sourceTree = "<group>";
		};
		98FFC8E32628DCBC00B87463 /* RobustaTask */ = {
			isa = PBXGroup;
			children = (
				98FFC8E42628DCBC00B87463 /* AppDelegate.swift */,
				98FFC8E62628DCBC00B87463 /* SceneDelegate.swift */,
				98FFC8E82628DCBC00B87463 /* ViewController.swift */,
				98FFC8EA2628DCBC00B87463 /* Main.storyboard */,
				98FFC8ED2628DCBD00B87463 /* Assets.xcassets */,
				98FFC8EF2628DCBD00B87463 /* LaunchScreen.storyboard */,
				98FFC8F22628DCBD00B87463 /* Info.plist */,
			);
			path = RobustaTask;
			sourceTree = "<group>";
		};
		98FFC8FA2628DCBE00B87463 /* RobustaTaskTests */ = {
			isa = PBXGroup;
			children = (
				98FFC8FB2628DCBE00B87463 /* RobustaTaskTests.swift */,
				98FFC8FD2628DCBE00B87463 /* Info.plist */,
			);
			path = RobustaTaskTests;
			sourceTree = "<group>";
		};
		98FFC9052628DCBE00B87463 /* RobustaTaskUITests */ = {
			isa = PBXGroup;
			children = (
				98FFC9062628DCBE00B87463 /* RobustaTaskUITests.swift */,
				98FFC9082628DCBE00B87463 /* Info.plist */,
			);
			path = RobustaTaskUITests;
			sourceTree = "<group>";
		};
		98FFC91A2628E22500B87463 /* Core */ = {
			isa = PBXGroup;
			children = (
				98FFC91E2628E2AB00B87463 /* Entites */,
				98FFC9292628E5CD00B87463 /* Getways */,
				98FFC92F2628E95700B87463 /* UseCases */,
			);
			path = Core;
			sourceTree = "<group>";
		};
		98FFC91E2628E2AB00B87463 /* Entites */ = {
			isa = PBXGroup;
			children = (
				98FFC91F2628E2B900B87463 /* Owner.swift */,
				98FFC9242628E3FC00B87463 /* Repository.swift */,
			);
			path = Entites;
			sourceTree = "<group>";
		};
		98FFC9292628E5CD00B87463 /* Getways */ = {
			isa = PBXGroup;
			children = (
				98FFC92A2628E65400B87463 /* RepositoriesGetway.swift */,
			);
			path = Getways;
			sourceTree = "<group>";
		};
		98FFC92F2628E95700B87463 /* UseCases */ = {
			isa = PBXGroup;
			children = (
				98FFC9302628E98400B87463 /* DisplayRepositoriesList.swift */,
			);
			path = UseCases;
			sourceTree = "<group>";
		};
/* End PBXGroup section */

/* Begin PBXNativeTarget section */
		98FFC8E02628DCBC00B87463 /* RobustaTask */ = {
			isa = PBXNativeTarget;
			buildConfigurationList = 98FFC90B2628DCBE00B87463 /* Build configuration list for PBXNativeTarget "RobustaTask" */;
			buildPhases = (
				98FFC8DD2628DCBC00B87463 /* Sources */,
				98FFC8DE2628DCBC00B87463 /* Frameworks */,
				98FFC8DF2628DCBC00B87463 /* Resources */,
			);
			buildRules = (
			);
			dependencies = (
			);
			name = RobustaTask;
			productName = RobustaTask;
			productReference = 98FFC8E12628DCBC00B87463 /* RobustaTask.app */;
			productType = "com.apple.product-type.application";
		};
		98FFC8F62628DCBE00B87463 /* RobustaTaskTests */ = {
			isa = PBXNativeTarget;
			buildConfigurationList = 98FFC90E2628DCBE00B87463 /* Build configuration list for PBXNativeTarget "RobustaTaskTests" */;
			buildPhases = (
				98FFC8F32628DCBE00B87463 /* Sources */,
				98FFC8F42628DCBE00B87463 /* Frameworks */,
				98FFC8F52628DCBE00B87463 /* Resources */,
			);
			buildRules = (
			);
			dependencies = (
				98FFC8F92628DCBE00B87463 /* PBXTargetDependency */,
			);
			name = RobustaTaskTests;
			productName = RobustaTaskTests;
			productReference = 98FFC8F72628DCBE00B87463 /* RobustaTaskTests.xctest */;
			productType = "com.apple.product-type.bundle.unit-test";
		};
		98FFC9012628DCBE00B87463 /* RobustaTaskUITests */ = {
			isa = PBXNativeTarget;
			buildConfigurationList = 98FFC9112628DCBE00B87463 /* Build configuration list for PBXNativeTarget "RobustaTaskUITests" */;
			buildPhases = (
				98FFC8FE2628DCBE00B87463 /* Sources */,
				98FFC8FF2628DCBE00B87463 /* Frameworks */,
				98FFC9002628DCBE00B87463 /* Resources */,
			);
			buildRules = (
			);
			dependencies = (
				98FFC9042628DCBE00B87463 /* PBXTargetDependency */,
			);
			name = RobustaTaskUITests;
			productName = RobustaTaskUITests;
			productReference = 98FFC9022628DCBE00B87463 /* RobustaTaskUITests.xctest */;
			productType = "com.apple.product-type.bundle.ui-testing";
		};
/* End PBXNativeTarget section */

/* Begin PBXProject section */
		98FFC8D92628DCBC00B87463 /* Project object */ = {
			isa = PBXProject;
			attributes = {
				LastSwiftUpdateCheck = 1200;
				LastUpgradeCheck = 1200;
				TargetAttributes = {
					98FFC8E02628DCBC00B87463 = {
						CreatedOnToolsVersion = 12.0;
					};
					98FFC8F62628DCBE00B87463 = {
						CreatedOnToolsVersion = 12.0;
						TestTargetID = 98FFC8E02628DCBC00B87463;
					};
					98FFC9012628DCBE00B87463 = {
						CreatedOnToolsVersion = 12.0;
						TestTargetID = 98FFC8E02628DCBC00B87463;
					};
				};
			};
			buildConfigurationList = 98FFC8DC2628DCBC00B87463 /* Build configuration list for PBXProject "RobustaTask" */;
			compatibilityVersion = "Xcode 9.3";
			developmentRegion = en;
			hasScannedForEncodings = 0;
			knownRegions = (
				en,
				Base,
			);
			mainGroup = 98FFC8D82628DCBC00B87463;
			productRefGroup = 98FFC8E22628DCBC00B87463 /* Products */;
			projectDirPath = "";
			projectRoot = "";
			targets = (
				98FFC8E02628DCBC00B87463 /* RobustaTask */,
				98FFC8F62628DCBE00B87463 /* RobustaTaskTests */,
				98FFC9012628DCBE00B87463 /* RobustaTaskUITests */,
			);
		};
/* End PBXProject section */

/* Begin PBXResourcesBuildPhase section */
		98FFC8DF2628DCBC00B87463 /* Resources */ = {
			isa = PBXResourcesBuildPhase;
			buildActionMask = 2147483647;
			files = (
				98FFC8F12628DCBD00B87463 /* LaunchScreen.storyboard in Resources */,
				98FFC8EE2628DCBD00B87463 /* Assets.xcassets in Resources */,
				98FFC8EC2628DCBC00B87463 /* Main.storyboard in Resources */,
			);
			runOnlyForDeploymentPostprocessing = 0;
		};
		98FFC8F52628DCBE00B87463 /* Resources */ = {
			isa = PBXResourcesBuildPhase;
			buildActionMask = 2147483647;
			files = (
			);
			runOnlyForDeploymentPostprocessing = 0;
		};
		98FFC9002628DCBE00B87463 /* Resources */ = {
			isa = PBXResourcesBuildPhase;
			buildActionMask = 2147483647;
			files = (
			);
			runOnlyForDeploymentPostprocessing = 0;
		};
/* End PBXResourcesBuildPhase section */

/* Begin PBXSourcesBuildPhase section */
		98FFC8DD2628DCBC00B87463 /* Sources */ = {
			isa = PBXSourcesBuildPhase;
			buildActionMask = 2147483647;
			files = (
				98FFC9202628E2B900B87463 /* Owner.swift in Sources */,
				98FFC9312628E98400B87463 /* DisplayRepositoriesList.swift in Sources */,
				98FFC8E92628DCBC00B87463 /* ViewController.swift in Sources */,
				98FFC92B2628E65400B87463 /* RepositoriesGetway.swift in Sources */,
				98FFC9252628E3FC00B87463 /* Repository.swift in Sources */,
				98FFC8E52628DCBC00B87463 /* AppDelegate.swift in Sources */,
				98FFC8E72628DCBC00B87463 /* SceneDelegate.swift in Sources */,
			);
			runOnlyForDeploymentPostprocessing = 0;
		};
		98FFC8F32628DCBE00B87463 /* Sources */ = {
			isa = PBXSourcesBuildPhase;
			buildActionMask = 2147483647;
			files = (
				98FFC8FC2628DCBE00B87463 /* RobustaTaskTests.swift in Sources */,
			);
			runOnlyForDeploymentPostprocessing = 0;
		};
		98FFC8FE2628DCBE00B87463 /* Sources */ = {
			isa = PBXSourcesBuildPhase;
			buildActionMask = 2147483647;
			files = (
				98FFC9072628DCBE00B87463 /* RobustaTaskUITests.swift in Sources */,
			);
			runOnlyForDeploymentPostprocessing = 0;
		};
/* End PBXSourcesBuildPhase section */

/* Begin PBXTargetDependency section */
		98FFC8F92628DCBE00B87463 /* PBXTargetDependency */ = {
			isa = PBXTargetDependency;
			target = 98FFC8E02628DCBC00B87463 /* RobustaTask */;
			targetProxy = 98FFC8F82628DCBE00B87463 /* PBXContainerItemProxy */;
		};
		98FFC9042628DCBE00B87463 /* PBXTargetDependency */ = {
			isa = PBXTargetDependency;
			target = 98FFC8E02628DCBC00B87463 /* RobustaTask */;
			targetProxy = 98FFC9032628DCBE00B87463 /* PBXContainerItemProxy */;
		};
/* End PBXTargetDependency section */

/* Begin PBXVariantGroup section */
		98FFC8EA2628DCBC00B87463 /* Main.storyboard */ = {
			isa = PBXVariantGroup;
			children = (
				98FFC8EB2628DCBC00B87463 /* Base */,
			);
			name = Main.storyboard;
			sourceTree = "<group>";
		};
		98FFC8EF2628DCBD00B87463 /* LaunchScreen.storyboard */ = {
			isa = PBXVariantGroup;
			children = (
				98FFC8F02628DCBD00B87463 /* Base */,
			);
			name = LaunchScreen.storyboard;
			sourceTree = "<group>";
		};
/* End PBXVariantGroup section */

/* Begin XCBuildConfiguration section */
		98FFC9092628DCBE00B87463 /* Debug */ = {
			isa = XCBuildConfiguration;
			buildSettings = {
				ALWAYS_SEARCH_USER_PATHS = NO;
				CLANG_ANALYZER_NONNULL = YES;
				CLANG_ANALYZER_NUMBER_OBJECT_CONVERSION = YES_AGGRESSIVE;
				CLANG_CXX_LANGUAGE_STANDARD = "gnu++14";
				CLANG_CXX_LIBRARY = "libc++";
				CLANG_ENABLE_MODULES = YES;
				CLANG_ENABLE_OBJC_ARC = YES;
				CLANG_ENABLE_OBJC_WEAK = YES;
				CLANG_WARN_BLOCK_CAPTURE_AUTORELEASING = YES;
				CLANG_WARN_BOOL_CONVERSION = YES;
				CLANG_WARN_COMMA = YES;
				CLANG_WARN_CONSTANT_CONVERSION = YES;
				CLANG_WARN_DEPRECATED_OBJC_IMPLEMENTATIONS = YES;
				CLANG_WARN_DIRECT_OBJC_ISA_USAGE = YES_ERROR;
				CLANG_WARN_DOCUMENTATION_COMMENTS = YES;
				CLANG_WARN_EMPTY_BODY = YES;
				CLANG_WARN_ENUM_CONVERSION = YES;
				CLANG_WARN_INFINITE_RECURSION = YES;
				CLANG_WARN_INT_CONVERSION = YES;
				CLANG_WARN_NON_LITERAL_NULL_CONVERSION = YES;
				CLANG_WARN_OBJC_IMPLICIT_RETAIN_SELF = YES;
				CLANG_WARN_OBJC_LITERAL_CONVERSION = YES;
				CLANG_WARN_OBJC_ROOT_CLASS = YES_ERROR;
				CLANG_WARN_QUOTED_INCLUDE_IN_FRAMEWORK_HEADER = YES;
				CLANG_WARN_RANGE_LOOP_ANALYSIS = YES;
				CLANG_WARN_STRICT_PROTOTYPES = YES;
				CLANG_WARN_SUSPICIOUS_MOVE = YES;
				CLANG_WARN_UNGUARDED_AVAILABILITY = YES_AGGRESSIVE;
				CLANG_WARN_UNREACHABLE_CODE = YES;
				CLANG_WARN__DUPLICATE_METHOD_MATCH = YES;
				COPY_PHASE_STRIP = NO;
				DEBUG_INFORMATION_FORMAT = dwarf;
				ENABLE_STRICT_OBJC_MSGSEND = YES;
				ENABLE_TESTABILITY = YES;
				GCC_C_LANGUAGE_STANDARD = gnu11;
				GCC_DYNAMIC_NO_PIC = NO;
				GCC_NO_COMMON_BLOCKS = YES;
				GCC_OPTIMIZATION_LEVEL = 0;
				GCC_PREPROCESSOR_DEFINITIONS = (
					"DEBUG=1",
					"$(inherited)",
				);
				GCC_WARN_64_TO_32_BIT_CONVERSION = YES;
				GCC_WARN_ABOUT_RETURN_TYPE = YES_ERROR;
				GCC_WARN_UNDECLARED_SELECTOR = YES;
				GCC_WARN_UNINITIALIZED_AUTOS = YES_AGGRESSIVE;
				GCC_WARN_UNUSED_FUNCTION = YES;
				GCC_WARN_UNUSED_VARIABLE = YES;
				IPHONEOS_DEPLOYMENT_TARGET = 14.0;
				MTL_ENABLE_DEBUG_INFO = INCLUDE_SOURCE;
				MTL_FAST_MATH = YES;
				ONLY_ACTIVE_ARCH = YES;
				SDKROOT = iphoneos;
				SWIFT_ACTIVE_COMPILATION_CONDITIONS = DEBUG;
				SWIFT_OPTIMIZATION_LEVEL = "-Onone";
			};
			name = Debug;
		};
		98FFC90A2628DCBE00B87463 /* Release */ = {
			isa = XCBuildConfiguration;
			buildSettings = {
				ALWAYS_SEARCH_USER_PATHS = NO;
				CLANG_ANALYZER_NONNULL = YES;
				CLANG_ANALYZER_NUMBER_OBJECT_CONVERSION = YES_AGGRESSIVE;
				CLANG_CXX_LANGUAGE_STANDARD = "gnu++14";
				CLANG_CXX_LIBRARY = "libc++";
				CLANG_ENABLE_MODULES = YES;
				CLANG_ENABLE_OBJC_ARC = YES;
				CLANG_ENABLE_OBJC_WEAK = YES;
				CLANG_WARN_BLOCK_CAPTURE_AUTORELEASING = YES;
				CLANG_WARN_BOOL_CONVERSION = YES;
				CLANG_WARN_COMMA = YES;
				CLANG_WARN_CONSTANT_CONVERSION = YES;
				CLANG_WARN_DEPRECATED_OBJC_IMPLEMENTATIONS = YES;
				CLANG_WARN_DIRECT_OBJC_ISA_USAGE = YES_ERROR;
				CLANG_WARN_DOCUMENTATION_COMMENTS = YES;
				CLANG_WARN_EMPTY_BODY = YES;
				CLANG_WARN_ENUM_CONVERSION = YES;
				CLANG_WARN_INFINITE_RECURSION = YES;
				CLANG_WARN_INT_CONVERSION = YES;
				CLANG_WARN_NON_LITERAL_NULL_CONVERSION = YES;
				CLANG_WARN_OBJC_IMPLICIT_RETAIN_SELF = YES;
				CLANG_WARN_OBJC_LITERAL_CONVERSION = YES;
				CLANG_WARN_OBJC_ROOT_CLASS = YES_ERROR;
				CLANG_WARN_QUOTED_INCLUDE_IN_FRAMEWORK_HEADER = YES;
				CLANG_WARN_RANGE_LOOP_ANALYSIS = YES;
				CLANG_WARN_STRICT_PROTOTYPES = YES;
				CLANG_WARN_SUSPICIOUS_MOVE = YES;
				CLANG_WARN_UNGUARDED_AVAILABILITY = YES_AGGRESSIVE;
				CLANG_WARN_UNREACHABLE_CODE = YES;
				CLANG_WARN__DUPLICATE_METHOD_MATCH = YES;
				COPY_PHASE_STRIP = NO;
				DEBUG_INFORMATION_FORMAT = "dwarf-with-dsym";
				ENABLE_NS_ASSERTIONS = NO;
				ENABLE_STRICT_OBJC_MSGSEND = YES;
				GCC_C_LANGUAGE_STANDARD = gnu11;
				GCC_NO_COMMON_BLOCKS = YES;
				GCC_WARN_64_TO_32_BIT_CONVERSION = YES;
				GCC_WARN_ABOUT_RETURN_TYPE = YES_ERROR;
				GCC_WARN_UNDECLARED_SELECTOR = YES;
				GCC_WARN_UNINITIALIZED_AUTOS = YES_AGGRESSIVE;
				GCC_WARN_UNUSED_FUNCTION = YES;
				GCC_WARN_UNUSED_VARIABLE = YES;
				IPHONEOS_DEPLOYMENT_TARGET = 14.0;
				MTL_ENABLE_DEBUG_INFO = NO;
				MTL_FAST_MATH = YES;
				SDKROOT = iphoneos;
				SWIFT_COMPILATION_MODE = wholemodule;
				SWIFT_OPTIMIZATION_LEVEL = "-O";
				VALIDATE_PRODUCT = YES;
			};
			name = Release;
		};
		98FFC90C2628DCBE00B87463 /* Debug */ = {
			isa = XCBuildConfiguration;
			buildSettings = {
				ASSETCATALOG_COMPILER_APPICON_NAME = AppIcon;
				ASSETCATALOG_COMPILER_GLOBAL_ACCENT_COLOR_NAME = AccentColor;
				CODE_SIGN_STYLE = Automatic;
				INFOPLIST_FILE = RobustaTask/Info.plist;
				LD_RUNPATH_SEARCH_PATHS = (
					"$(inherited)",
					"@executable_path/Frameworks",
				);
				PRODUCT_BUNDLE_IDENTIFIER = iOS.RobustaTask;
				PRODUCT_NAME = "$(TARGET_NAME)";
				SWIFT_VERSION = 5.0;
				TARGETED_DEVICE_FAMILY = "1,2";
			};
			name = Debug;
		};
		98FFC90D2628DCBE00B87463 /* Release */ = {
			isa = XCBuildConfiguration;
			buildSettings = {
				ASSETCATALOG_COMPILER_APPICON_NAME = AppIcon;
				ASSETCATALOG_COMPILER_GLOBAL_ACCENT_COLOR_NAME = AccentColor;
				CODE_SIGN_STYLE = Automatic;
				INFOPLIST_FILE = RobustaTask/Info.plist;
				LD_RUNPATH_SEARCH_PATHS = (
					"$(inherited)",
					"@executable_path/Frameworks",
				);
				PRODUCT_BUNDLE_IDENTIFIER = iOS.RobustaTask;
				PRODUCT_NAME = "$(TARGET_NAME)";
				SWIFT_VERSION = 5.0;
				TARGETED_DEVICE_FAMILY = "1,2";
			};
			name = Release;
		};
		98FFC90F2628DCBE00B87463 /* Debug */ = {
			isa = XCBuildConfiguration;
			buildSettings = {
				ALWAYS_EMBED_SWIFT_STANDARD_LIBRARIES = YES;
				BUNDLE_LOADER = "$(TEST_HOST)";
				CODE_SIGN_STYLE = Automatic;
				INFOPLIST_FILE = RobustaTaskTests/Info.plist;
				IPHONEOS_DEPLOYMENT_TARGET = 14.0;
				LD_RUNPATH_SEARCH_PATHS = (
					"$(inherited)",
					"@executable_path/Frameworks",
					"@loader_path/Frameworks",
				);
				PRODUCT_BUNDLE_IDENTIFIER = iOS.RobustaTaskTests;
				PRODUCT_NAME = "$(TARGET_NAME)";
				SWIFT_VERSION = 5.0;
				TARGETED_DEVICE_FAMILY = "1,2";
				TEST_HOST = "$(BUILT_PRODUCTS_DIR)/RobustaTask.app/RobustaTask";
			};
			name = Debug;
		};
		98FFC9102628DCBE00B87463 /* Release */ = {
			isa = XCBuildConfiguration;
			buildSettings = {
				ALWAYS_EMBED_SWIFT_STANDARD_LIBRARIES = YES;
				BUNDLE_LOADER = "$(TEST_HOST)";
				CODE_SIGN_STYLE = Automatic;
				INFOPLIST_FILE = RobustaTaskTests/Info.plist;
				IPHONEOS_DEPLOYMENT_TARGET = 14.0;
				LD_RUNPATH_SEARCH_PATHS = (
					"$(inherited)",
					"@executable_path/Frameworks",
					"@loader_path/Frameworks",
				);
				PRODUCT_BUNDLE_IDENTIFIER = iOS.RobustaTaskTests;
				PRODUCT_NAME = "$(TARGET_NAME)";
				SWIFT_VERSION = 5.0;
				TARGETED_DEVICE_FAMILY = "1,2";
				TEST_HOST = "$(BUILT_PRODUCTS_DIR)/RobustaTask.app/RobustaTask";
			};
			name = Release;
		};
		98FFC9122628DCBE00B87463 /* Debug */ = {
			isa = XCBuildConfiguration;
			buildSettings = {
				ALWAYS_EMBED_SWIFT_STANDARD_LIBRARIES = YES;
				CODE_SIGN_STYLE = Automatic;
				INFOPLIST_FILE = RobustaTaskUITests/Info.plist;
				LD_RUNPATH_SEARCH_PATHS = (
					"$(inherited)",
					"@executable_path/Frameworks",
					"@loader_path/Frameworks",
				);
				PRODUCT_BUNDLE_IDENTIFIER = iOS.RobustaTaskUITests;
				PRODUCT_NAME = "$(TARGET_NAME)";
				SWIFT_VERSION = 5.0;
				TARGETED_DEVICE_FAMILY = "1,2";
				TEST_TARGET_NAME = RobustaTask;
			};
			name = Debug;
		};
		98FFC9132628DCBE00B87463 /* Release */ = {
			isa = XCBuildConfiguration;
			buildSettings = {
				ALWAYS_EMBED_SWIFT_STANDARD_LIBRARIES = YES;
				CODE_SIGN_STYLE = Automatic;
				INFOPLIST_FILE = RobustaTaskUITests/Info.plist;
				LD_RUNPATH_SEARCH_PATHS = (
					"$(inherited)",
					"@executable_path/Frameworks",
					"@loader_path/Frameworks",
				);
				PRODUCT_BUNDLE_IDENTIFIER = iOS.RobustaTaskUITests;
				PRODUCT_NAME = "$(TARGET_NAME)";
				SWIFT_VERSION = 5.0;
				TARGETED_DEVICE_FAMILY = "1,2";
				TEST_TARGET_NAME = RobustaTask;
			};
			name = Release;
		};
/* End XCBuildConfiguration section */

/* Begin XCConfigurationList section */
		98FFC8DC2628DCBC00B87463 /* Build configuration list for PBXProject "RobustaTask" */ = {
			isa = XCConfigurationList;
			buildConfigurations = (
				98FFC9092628DCBE00B87463 /* Debug */,
				98FFC90A2628DCBE00B87463 /* Release */,
			);
			defaultConfigurationIsVisible = 0;
			defaultConfigurationName = Release;
		};
		98FFC90B2628DCBE00B87463 /* Build configuration list for PBXNativeTarget "RobustaTask" */ = {
			isa = XCConfigurationList;
			buildConfigurations = (
				98FFC90C2628DCBE00B87463 /* Debug */,
				98FFC90D2628DCBE00B87463 /* Release */,
			);
			defaultConfigurationIsVisible = 0;
			defaultConfigurationName = Release;
		};
		98FFC90E2628DCBE00B87463 /* Build configuration list for PBXNativeTarget "RobustaTaskTests" */ = {
			isa = XCConfigurationList;
			buildConfigurations = (
				98FFC90F2628DCBE00B87463 /* Debug */,
				98FFC9102628DCBE00B87463 /* Release */,
			);
			defaultConfigurationIsVisible = 0;
			defaultConfigurationName = Release;
		};
		98FFC9112628DCBE00B87463 /* Build configuration list for PBXNativeTarget "RobustaTaskUITests" */ = {
			isa = XCConfigurationList;
			buildConfigurations = (
				98FFC9122628DCBE00B87463 /* Debug */,
				98FFC9132628DCBE00B87463 /* Release */,
			);
			defaultConfigurationIsVisible = 0;
			defaultConfigurationName = Release;
		};
/* End XCConfigurationList section */
	};
	rootObject = 98FFC8D92628DCBC00B87463 /* Project object */;
}
